{
  "name": "wasm-watermarker",
  "version": "0.1.0",
  "lockfileVersion": 1,
  "requires": true,
  "dependencies": {
    "jq-web": {
      "version": "0.5.1",
      "resolved": "https://registry.npmjs.org/jq-web/-/jq-web-0.5.1.tgz",
      "integrity": "sha512-3Fa3E6g3U1O1j46ljy0EM10yRr4txzILga8J7bqOG8F89gZ6Lilz82WG9z6TItWpYEO0YGa4W8yFGj+NMM1xqQ=="
    }
  }
}
