{
  "name": "wasm-watermarker",
  "version": "0.1.0",
  "lockfileVersion": 1,
  "requires": true,
  "dependencies": {
    "ammo.js": {
      "version": "github:kripken/ammo.js#a4bec933859e452acd2c18e4152ac2a6a95e806f",
      "from": "github:kripken/ammo.js"
    },
    "jq-web": {
      "version": "0.5.1",
      "resolved": "https://registry.npmjs.org/jq-web/-/jq-web-0.5.1.tgz",
      "integrity": "sha512-3Fa3E6g3U1O1j46ljy0EM10yRr4txzILga8J7bqOG8F89gZ6Lilz82WG9z6TItWpYEO0YGa4W8yFGj+NMM1xqQ=="
    },
    "source-map": {
      "version": "0.7.3",
      "resolved": "https://registry.npmjs.org/source-map/-/source-map-0.7.3.tgz",
      "integrity": "sha512-CkCj6giN3S+n9qrYiBTX5gystlENnRW5jZeNLHpe6aue+SrHcG5VYwujhW9s4dY31mEGsxBDrHR6oI69fTXsaQ=="
    },
    "vim-wasm": {
      "version": "0.0.13",
      "resolved": "https://registry.npmjs.org/vim-wasm/-/vim-wasm-0.0.13.tgz",
      "integrity": "sha512-2EkJ4OfMgvA/bURJeu43wqIQ4tpCJymst++Y4R/AKuQlnrvdI4hTpG2jf0yL5TrLt1ui12leLRghrwPOybyu8w=="
    },
    "wasm-flate": {
      "version": "1.0.2-browser",
      "resolved": "https://registry.npmjs.org/wasm-flate/-/wasm-flate-1.0.2-browser.tgz",
      "integrity": "sha512-qpqOzvbKtgG/2Mb0DYXVPQ2nOrkKYoAQtpr4QZzgO8SMfKieeODUy2vomMnimQjH/K2RGWnw+kZmO8yf+Yh9qA=="
    }
  }
}
